<?xml version="1.0" encoding="utf-8"?>
<Project ToolsVersion="14.0" xmlns="http://schemas.microsoft.com/developer/msbuild/2003">
  <ItemGroup>
    <Filter Include="Common">
      <UniqueIdentifier>669d4403-980f-4cb8-ba87-8a084ebe18b1</UniqueIdentifier>
    </Filter>
    <Filter Include="Assets">
      <UniqueIdentifier>e65ef29a-0d07-4328-a213-a60459e14ccc</UniqueIdentifier>
      <Extensions>bmp;fbx;gif;jpg;jpeg;tga;tiff;tif;png</Extensions>
    </Filter>
  </ItemGroup>
  <ItemGroup>
    <ApplicationDefinition Include="App.xaml" />
  </ItemGroup>
  <ItemGroup>
    <ClCompile Include="App.xaml.cpp" />
    <ClCompile Include="MainPage.xaml.cpp" />
    <ClCompile Include="pch.cpp" />
  </ItemGroup>
  <ItemGroup>
    <ClInclude Include="pch.h" />
    <ClInclude Include="App.xaml.h" />
    <ClInclude Include="MainPage.xaml.h" />
  </ItemGroup>
  <ItemGroup>
    <Image Include="Assets\LockScreenLogo.scale-200.png">
      <Filter>Assets</Filter>
    </Image>
    <Image Include="Assets\SplashScreen.scale-200.png">
      <Filter>Assets</Filter>
    </Image>
    <Image Include="Assets\Square150x150Logo.scale-200.png">
      <Filter>Assets</Filter>
    </Image>
    <Image Include="Assets\Square44x44Logo.scale-200.png">
      <Filter>Assets</Filter>
    </Image>
    <Image Include="Assets\Square44x44Logo.targetsize-24_altform-unplated.png">
      <Filter>Assets</Filter>
    </Image>
    <Image Include="Assets\StoreLogo.png">
      <Filter>Assets</Filter>
    </Image>
    <Image Include="Assets\Wide310x150Logo.scale-200.png">
      <Filter>Assets</Filter>
    </Image>
  </ItemGroup>
  <ItemGroup>
    <AppxManifest Include="Package.appxmanifest" />
  </ItemGroup>
  <ItemGroup>
    <None Include="libqi-uwp_TemporaryKey.pfx" />
    <None Include="..\uwp-deps\vcpkg\installed\x86-uwp\bin\libeay32.dll" />
    <None Include="..\uwp-deps\vcpkg\installed\x86-uwp\bin\ssleay32.dll" />
    <None Include="..\uwp-deps\boost-1.60.0\lib\boost_thread-vc140-mt-1_60.dll" />
    <None Include="..\uwp-deps\boost-1.60.0\lib\boost_regex-vc140-mt-1_60.dll" />
    <None Include="..\uwp-deps\boost-1.60.0\lib\boost_program_options-vc140-mt-1_60.dll" />
    <None Include="..\uwp-deps\boost-1.60.0\lib\boost_filesystem-vc140-mt-1_60.dll" />
    <None Include="..\uwp-deps\boost-1.60.0\lib\boost_date_time-vc140-mt-1_60.dll" />
    <None Include="..\uwp-deps\boost-1.60.0\lib\boost_chrono-vc140-mt-1_60.dll" />
    <None Include="..\uwp-deps\boost-1.60.0\lib\boost_system-vc140-mt-1_60.dll" />
    <None Include="..\uwp-deps\boost-1.60.0\lib\boost_atomic-vc140-mt-1_60.dll" />
    <None Include="..\build-libqi\sdk\bin\qi_d.dll" />
    <None Include="..\uwp-deps\boost-1.60.0\lib\boost_thread-vc140-mt-gd-1_60.dll" />
    <None Include="..\uwp-deps\boost-1.60.0\lib\boost_regex-vc140-mt-gd-1_60.dll" />
    <None Include="..\uwp-deps\boost-1.60.0\lib\boost_program_options-vc140-mt-gd-1_60.dll" />
    <None Include="..\uwp-deps\boost-1.60.0\lib\boost_filesystem-vc140-mt-gd-1_60.dll" />
    <None Include="..\uwp-deps\boost-1.60.0\lib\boost_date_time-vc140-mt-gd-1_60.dll" />
    <None Include="..\uwp-deps\boost-1.60.0\lib\boost_chrono-vc140-mt-gd-1_60.dll" />
    <None Include="..\uwp-deps\boost-1.60.0\lib\boost_system-vc140-mt-gd-1_60.dll" />
    <None Include="..\uwp-deps\boost-1.60.0\lib\boost_atomic-vc140-mt-gd-1_60.dll" />
    <None Include="..\build-libqi\sdk\bin\qi.dll" />
  </ItemGroup>
  <ItemGroup>
    <Page Include="MainPage.xaml" />
  </ItemGroup>
</Project>